// !$*UTF8*$!
{
	archiveVersion = 1;
	classes = {
	};
	objectVersion = 77;
	objects = {

/* Begin PBXBuildFile section */
		F952F0B32D76F6B800A3A75F /* Assets.xcassets in Resources */ = {isa = PBXBuildFile; fileRef = F952F0AA2D76F6B800A3A75F /* Assets.xcassets */; };
		F952F0B52D76F6B800A3A75F /* LaunchScreen.storyboard in Resources */ = {isa = PBXBuildFile; fileRef = F952F0AD2D76F6B800A3A75F /* LaunchScreen.storyboard */; };
		F952F0B62D76F6B800A3A75F /* Main.storyboard in Resources */ = {isa = PBXBuildFile; fileRef = F952F0AF2D76F6B800A3A75F /* Main.storyboard */; };
		F952F0B72D76F6B800A3A75F /* AppDelegate.swift in Sources */ = {isa = PBXBuildFile; fileRef = F952F0A92D76F6B800A3A75F /* AppDelegate.swift */; };
		F952F0B82D76F6B800A3A75F /* SceneDelegate.swift in Sources */ = {isa = PBXBuildFile; fileRef = F952F0B02D76F6B800A3A75F /* SceneDelegate.swift */; };
		F952F0B92D76F6B800A3A75F /* ViewController.swift in Sources */ = {isa = PBXBuildFile; fileRef = F952F0B12D76F6B800A3A75F /* ViewController.swift */; };
		F952F0BE2D76F75400A3A75F /* Movie.swift in Sources */ = {isa = PBXBuildFile; fileRef = F952F0BD2D76F75100A3A75F /* Movie.swift */; };
		F952F0C02D76F78300A3A75F /* DataManager.swift in Sources */ = {isa = PBXBuildFile; fileRef = F952F0BF2D76F77F00A3A75F /* DataManager.swift */; };
		F952F0C42D76FA6F00A3A75F /* MyTableViewCell.swift in Sources */ = {isa = PBXBuildFile; fileRef = F952F0C32D76FA6F00A3A75F /* MyTableViewCell.swift */; };
		F952F0C62D76FA9700A3A75F /* DetailView.swift in Sources */ = {isa = PBXBuildFile; fileRef = F952F0C52D76FA9700A3A75F /* DetailView.swift */; };
		F952F0C82D76FF1900A3A75F /* DetailViewController.swift in Sources */ = {isa = PBXBuildFile; fileRef = F952F0C72D76FF1900A3A75F /* DetailViewController.swift */; };
/* End PBXBuildFile section */

/* Begin PBXFileReference section */
		F952F0712D76F67300A3A75F /* TableViewOnlyCode.app */ = {isa = PBXFileReference; explicitFileType = wrapper.application; includeInIndex = 0; path = TableViewOnlyCode.app; sourceTree = BUILT_PRODUCTS_DIR; };
		F952F0A92D76F6B800A3A75F /* AppDelegate.swift */ = {isa = PBXFileReference; lastKnownFileType = sourcecode.swift; path = AppDelegate.swift; sourceTree = "<group>"; };
		F952F0AA2D76F6B800A3A75F /* Assets.xcassets */ = {isa = PBXFileReference; lastKnownFileType = folder.assetcatalog; path = Assets.xcassets; sourceTree = "<group>"; };
		F952F0AB2D76F6B800A3A75F /* Info.plist */ = {isa = PBXFileReference; lastKnownFileType = text.plist.xml; path = Info.plist; sourceTree = "<group>"; };
		F952F0AC2D76F6B800A3A75F /* Base */ = {isa = PBXFileReference; lastKnownFileType = file.storyboard; name = Base; path = Base.lproj/LaunchScreen.storyboard; sourceTree = "<group>"; };
		F952F0AE2D76F6B800A3A75F /* Base */ = {isa = PBXFileReference; lastKnownFileType = file.storyboard; name = Base; path = Base.lproj/Main.storyboard; sourceTree = "<group>"; };
		F952F0B02D76F6B800A3A75F /* SceneDelegate.swift */ = {isa = PBXFileReference; lastKnownFileType = sourcecode.swift; path = SceneDelegate.swift; sourceTree = "<group>"; };
		F952F0B12D76F6B800A3A75F /* ViewController.swift */ = {isa = PBXFileReference; lastKnownFileType = sourcecode.swift; path = ViewController.swift; sourceTree = "<group>"; };
		F952F0BD2D76F75100A3A75F /* Movie.swift */ = {isa = PBXFileReference; lastKnownFileType = sourcecode.swift; path = Movie.swift; sourceTree = "<group>"; };
		F952F0BF2D76F77F00A3A75F /* DataManager.swift */ = {isa = PBXFileReference; lastKnownFileType = sourcecode.swift; path = DataManager.swift; sourceTree = "<group>"; };
		F952F0C32D76FA6F00A3A75F /* MyTableViewCell.swift */ = {isa = PBXFileReference; lastKnownFileType = sourcecode.swift; path = MyTableViewCell.swift; sourceTree = "<group>"; };
		F952F0C52D76FA9700A3A75F /* DetailView.swift */ = {isa = PBXFileReference; lastKnownFileType = sourcecode.swift; path = DetailView.swift; sourceTree = "<group>"; };
		F952F0C72D76FF1900A3A75F /* DetailViewController.swift */ = {isa = PBXFileReference; lastKnownFileType = sourcecode.swift; path = DetailViewController.swift; sourceTree = "<group>"; };
/* End PBXFileReference section */

/* Begin PBXFrameworksBuildPhase section */
		F952F06E2D76F67300A3A75F /* Frameworks */ = {
			isa = PBXFrameworksBuildPhase;
			buildActionMask = 2147483647;
			files = (
			);
			runOnlyForDeploymentPostprocessing = 0;
		};
/* End PBXFrameworksBuildPhase section */

/* Begin PBXGroup section */
		F952F0682D76F67300A3A75F = {
			isa = PBXGroup;
			children = (
				F952F0B22D76F6B800A3A75F /* TableViewOnlyCode */,
				F952F0722D76F67300A3A75F /* Products */,
			);
			sourceTree = "<group>";
		};
		F952F0722D76F67300A3A75F /* Products */ = {
			isa = PBXGroup;
			children = (
				F952F0712D76F67300A3A75F /* TableViewOnlyCode.app */,
			);
			name = Products;
			sourceTree = "<group>";
		};
		F952F0B22D76F6B800A3A75F /* TableViewOnlyCode */ = {
			isa = PBXGroup;
			children = (
				F952F0A92D76F6B800A3A75F /* AppDelegate.swift */,
				F952F0B02D76F6B800A3A75F /* SceneDelegate.swift */,
				F952F0BA2D76F6D300A3A75F /* Models */,
				F952F0BB2D76F6D900A3A75F /* Views */,
				F952F0BC2D76F6DE00A3A75F /* Controllers */,
				F952F0AF2D76F6B800A3A75F /* Main.storyboard */,
				F952F0AA2D76F6B800A3A75F /* Assets.xcassets */,
				F952F0AB2D76F6B800A3A75F /* Info.plist */,
				F952F0AD2D76F6B800A3A75F /* LaunchScreen.storyboard */,
			);
			path = TableViewOnlyCode;
			sourceTree = "<group>";
		};
		F952F0BA2D76F6D300A3A75F /* Models */ = {
			isa = PBXGroup;
			children = (
				F952F0BD2D76F75100A3A75F /* Movie.swift */,
				F952F0BF2D76F77F00A3A75F /* DataManager.swift */,
			);
			path = Models;
			sourceTree = "<group>";
		};
		F952F0BB2D76F6D900A3A75F /* Views */ = {
			isa = PBXGroup;
			children = (
				F952F0C32D76FA6F00A3A75F /* MyTableViewCell.swift */,
				F952F0C52D76FA9700A3A75F /* DetailView.swift */,
			);
			path = Views;
			sourceTree = "<group>";
		};
		F952F0BC2D76F6DE00A3A75F /* Controllers */ = {
			isa = PBXGroup;
			children = (
				F952F0B12D76F6B800A3A75F /* ViewController.swift */,
				F952F0C72D76FF1900A3A75F /* DetailViewController.swift */,
			);
			path = Controllers;
			sourceTree = "<group>";
		};
/* End PBXGroup section */

/* Begin PBXNativeTarget section */
		F952F0702D76F67300A3A75F /* TableViewOnlyCode */ = {
			isa = PBXNativeTarget;
			buildConfigurationList = F952F0842D76F67500A3A75F /* Build configuration list for PBXNativeTarget "TableViewOnlyCode" */;
			buildPhases = (
				F952F06D2D76F67300A3A75F /* Sources */,
				F952F06E2D76F67300A3A75F /* Frameworks */,
				F952F06F2D76F67300A3A75F /* Resources */,
			);
			buildRules = (
			);
			dependencies = (
			);
			name = TableViewOnlyCode;
			packageProductDependencies = (
			);
			productName = TableViewOnlyCode;
			productReference = F952F0712D76F67300A3A75F /* TableViewOnlyCode.app */;
			productType = "com.apple.product-type.application";
		};
/* End PBXNativeTarget section */

/* Begin PBXProject section */
		F952F0692D76F67300A3A75F /* Project object */ = {
			isa = PBXProject;
			attributes = {
				BuildIndependentTargetsInParallel = 1;
				LastSwiftUpdateCheck = 1620;
				LastUpgradeCheck = 1620;
				TargetAttributes = {
					F952F0702D76F67300A3A75F = {
						CreatedOnToolsVersion = 16.2;
					};
				};
			};
			buildConfigurationList = F952F06C2D76F67300A3A75F /* Build configuration list for PBXProject "TableViewOnlyCode" */;
			developmentRegion = en;
			hasScannedForEncodings = 0;
			knownRegions = (
				en,
				Base,
			);
			mainGroup = F952F0682D76F67300A3A75F;
			minimizedProjectReferenceProxies = 1;
			preferredProjectObjectVersion = 77;
			productRefGroup = F952F0722D76F67300A3A75F /* Products */;
			projectDirPath = "";
			projectRoot = "";
			targets = (
				F952F0702D76F67300A3A75F /* TableViewOnlyCode */,
			);
		};
/* End PBXProject section */

/* Begin PBXResourcesBuildPhase section */
		F952F06F2D76F67300A3A75F /* Resources */ = {
			isa = PBXResourcesBuildPhase;
			buildActionMask = 2147483647;
			files = (
				F952F0B32D76F6B800A3A75F /* Assets.xcassets in Resources */,
				F952F0B52D76F6B800A3A75F /* LaunchScreen.storyboard in Resources */,
				F952F0B62D76F6B800A3A75F /* Main.storyboard in Resources */,
			);
			runOnlyForDeploymentPostprocessing = 0;
		};
/* End PBXResourcesBuildPhase section */

/* Begin PBXSourcesBuildPhase section */
		F952F06D2D76F67300A3A75F /* Sources */ = {
			isa = PBXSourcesBuildPhase;
			buildActionMask = 2147483647;
			files = (
				F952F0C42D76FA6F00A3A75F /* MyTableViewCell.swift in Sources */,
				F952F0B72D76F6B800A3A75F /* AppDelegate.swift in Sources */,
				F952F0C02D76F78300A3A75F /* DataManager.swift in Sources */,
				F952F0C62D76FA9700A3A75F /* DetailView.swift in Sources */,
				F952F0B82D76F6B800A3A75F /* SceneDelegate.swift in Sources */,
				F952F0BE2D76F75400A3A75F /* Movie.swift in Sources */,
				F952F0B92D76F6B800A3A75F /* ViewController.swift in Sources */,
				F952F0C82D76FF1900A3A75F /* DetailViewController.swift in Sources */,
			);
			runOnlyForDeploymentPostprocessing = 0;
		};
/* End PBXSourcesBuildPhase section */

/* Begin PBXVariantGroup section */
		F952F0AD2D76F6B800A3A75F /* LaunchScreen.storyboard */ = {
			isa = PBXVariantGroup;
			children = (
				F952F0AC2D76F6B800A3A75F /* Base */,
			);
			name = LaunchScreen.storyboard;
			sourceTree = "<group>";
		};
		F952F0AF2D76F6B800A3A75F /* Main.storyboard */ = {
			isa = PBXVariantGroup;
			children = (
				F952F0AE2D76F6B800A3A75F /* Base */,
			);
			name = Main.storyboard;
			sourceTree = "<group>";
		};
/* End PBXVariantGroup section */

/* Begin XCBuildConfiguration section */
		F952F0852D76F67500A3A75F /* Debug */ = {
			isa = XCBuildConfiguration;
			buildSettings = {
				ASSETCATALOG_COMPILER_APPICON_NAME = AppIcon;
				ASSETCATALOG_COMPILER_GLOBAL_ACCENT_COLOR_NAME = AccentColor;
				CODE_SIGN_STYLE = Automatic;
				CURRENT_PROJECT_VERSION = 1;
				GENERATE_INFOPLIST_FILE = YES;
				INFOPLIST_FILE = TableViewOnlyCode/Info.plist;
				INFOPLIST_KEY_UIApplicationSupportsIndirectInputEvents = YES;
				INFOPLIST_KEY_UILaunchStoryboardName = LaunchScreen;
				INFOPLIST_KEY_UIMainStoryboardFile = Main;
				INFOPLIST_KEY_UISupportedInterfaceOrientations_iPad = "UIInterfaceOrientationLandscapeLeft UIInterfaceOrientationLandscapeRight UIInterfaceOrientationPortrait UIInterfaceOrientationPortraitUpsideDown";
				IPHONEOS_DEPLOYMENT_TARGET = 15.6;
				LD_RUNPATH_SEARCH_PATHS = (
					"$(inherited)",
					"@executable_path/Frameworks",
				);
				MARKETING_VERSION = 1.0;
				PRODUCT_BUNDLE_IDENTIFIER = com.junil.TableViewOnlyCode;
				PRODUCT_NAME = "$(TARGET_NAME)";
				SUPPORTED_PLATFORMS = "iphoneos iphonesimulator";
				SUPPORTS_MACCATALYST = NO;
				SUPPORTS_MAC_DESIGNED_FOR_IPHONE_IPAD = NO;
				SUPPORTS_XR_DESIGNED_FOR_IPHONE_IPAD = NO;
				SWIFT_EMIT_LOC_STRINGS = YES;
				SWIFT_VERSION = 5.0;
				TARGETED_DEVICE_FAMILY = 1;
			};
			name = Debug;
		};
		F952F0862D76F67500A3A75F /* Release */ = {
			isa = XCBuildConfiguration;
			buildSettings = {
				ASSETCATALOG_COMPILER_APPICON_NAME = AppIcon;
				ASSETCATALOG_COMPILER_GLOBAL_ACCENT_COLOR_NAME = AccentColor;
				CODE_SIGN_STYLE = Automatic;
				CURRENT_PROJECT_VERSION = 1;
				GENERATE_INFOPLIST_FILE = YES;
				INFOPLIST_FILE = TableViewOnlyCode/Info.plist;
				INFOPLIST_KEY_UIApplicationSupportsIndirectInputEvents = YES;
				INFOPLIST_KEY_UILaunchStoryboardName = LaunchScreen;
				INFOPLIST_KEY_UIMainStoryboardFile = Main;
				INFOPLIST_KEY_UISupportedInterfaceOrientations_iPad = "UIInterfaceOrientationLandscapeLeft UIInterfaceOrientationLandscapeRight UIInterfaceOrientationPortrait UIInterfaceOrientationPortraitUpsideDown";
				IPHONEOS_DEPLOYMENT_TARGET = 15.6;
				LD_RUNPATH_SEARCH_PATHS = (
					"$(inherited)",
					"@executable_path/Frameworks",
				);
				MARKETING_VERSION = 1.0;
				PRODUCT_BUNDLE_IDENTIFIER = com.junil.TableViewOnlyCode;
				PRODUCT_NAME = "$(TARGET_NAME)";
				SUPPORTED_PLATFORMS = "iphoneos iphonesimulator";
				SUPPORTS_MACCATALYST = NO;
				SUPPORTS_MAC_DESIGNED_FOR_IPHONE_IPAD = NO;
				SUPPORTS_XR_DESIGNED_FOR_IPHONE_IPAD = NO;
				SWIFT_EMIT_LOC_STRINGS = YES;
				SWIFT_VERSION = 5.0;
				TARGETED_DEVICE_FAMILY = 1;
			};
			name = Release;
		};
		F952F0872D76F67500A3A75F /* Debug */ = {
			isa = XCBuildConfiguration;
			buildSettings = {
				ALWAYS_SEARCH_USER_PATHS = NO;
				ASSETCATALOG_COMPILER_GENERATE_SWIFT_ASSET_SYMBOL_EXTENSIONS = YES;
				CLANG_ANALYZER_NONNULL = YES;
				CLANG_ANALYZER_NUMBER_OBJECT_CONVERSION = YES_AGGRESSIVE;
				CLANG_CXX_LANGUAGE_STANDARD = "gnu++20";
				CLANG_ENABLE_MODULES = YES;
				CLANG_ENABLE_OBJC_ARC = YES;
				CLANG_ENABLE_OBJC_WEAK = YES;
				CLANG_WARN_BLOCK_CAPTURE_AUTORELEASING = YES;
				CLANG_WARN_BOOL_CONVERSION = YES;
				CLANG_WARN_COMMA = YES;
				CLANG_WARN_CONSTANT_CONVERSION = YES;
				CLANG_WARN_DEPRECATED_OBJC_IMPLEMENTATIONS = YES;
				CLANG_WARN_DIRECT_OBJC_ISA_USAGE = YES_ERROR;
				CLANG_WARN_DOCUMENTATION_COMMENTS = YES;
				CLANG_WARN_EMPTY_BODY = YES;
				CLANG_WARN_ENUM_CONVERSION = YES;
				CLANG_WARN_INFINITE_RECURSION = YES;
				CLANG_WARN_INT_CONVERSION = YES;
				CLANG_WARN_NON_LITERAL_NULL_CONVERSION = YES;
				CLANG_WARN_OBJC_IMPLICIT_RETAIN_SELF = YES;
				CLANG_WARN_OBJC_LITERAL_CONVERSION = YES;
				CLANG_WARN_OBJC_ROOT_CLASS = YES_ERROR;
				CLANG_WARN_QUOTED_INCLUDE_IN_FRAMEWORK_HEADER = YES;
				CLANG_WARN_RANGE_LOOP_ANALYSIS = YES;
				CLANG_WARN_STRICT_PROTOTYPES = YES;
				CLANG_WARN_SUSPICIOUS_MOVE = YES;
				CLANG_WARN_UNGUARDED_AVAILABILITY = YES_AGGRESSIVE;
				CLANG_WARN_UNREACHABLE_CODE = YES;
				CLANG_WARN__DUPLICATE_METHOD_MATCH = YES;
				COPY_PHASE_STRIP = NO;
				DEBUG_INFORMATION_FORMAT = dwarf;
				ENABLE_STRICT_OBJC_MSGSEND = YES;
				ENABLE_TESTABILITY = YES;
				ENABLE_USER_SCRIPT_SANDBOXING = YES;
				GCC_C_LANGUAGE_STANDARD = gnu17;
				GCC_DYNAMIC_NO_PIC = NO;
				GCC_NO_COMMON_BLOCKS = YES;
				GCC_OPTIMIZATION_LEVEL = 0;
				GCC_PREPROCESSOR_DEFINITIONS = (
					"DEBUG=1",
					"$(inherited)",
				);
				GCC_WARN_64_TO_32_BIT_CONVERSION = YES;
				GCC_WARN_ABOUT_RETURN_TYPE = YES_ERROR;
				GCC_WARN_UNDECLARED_SELECTOR = YES;
				GCC_WARN_UNINITIALIZED_AUTOS = YES_AGGRESSIVE;
				GCC_WARN_UNUSED_FUNCTION = YES;
				GCC_WARN_UNUSED_VARIABLE = YES;
				IPHONEOS_DEPLOYMENT_TARGET = 18.2;
				LOCALIZATION_PREFERS_STRING_CATALOGS = YES;
				MTL_ENABLE_DEBUG_INFO = INCLUDE_SOURCE;
				MTL_FAST_MATH = YES;
				ONLY_ACTIVE_ARCH = YES;
				SDKROOT = iphoneos;
				SWIFT_ACTIVE_COMPILATION_CONDITIONS = "DEBUG $(inherited)";
				SWIFT_OPTIMIZATION_LEVEL = "-Onone";
			};
			name = Debug;
		};
		F952F0882D76F67500A3A75F /* Release */ = {
			isa = XCBuildConfiguration;
			buildSettings = {
				ALWAYS_SEARCH_USER_PATHS = NO;
				ASSETCATALOG_COMPILER_GENERATE_SWIFT_ASSET_SYMBOL_EXTENSIONS = YES;
				CLANG_ANALYZER_NONNULL = YES;
				CLANG_ANALYZER_NUMBER_OBJECT_CONVERSION = YES_AGGRESSIVE;
				CLANG_CXX_LANGUAGE_STANDARD = "gnu++20";
				CLANG_ENABLE_MODULES = YES;
				CLANG_ENABLE_OBJC_ARC = YES;
				CLANG_ENABLE_OBJC_WEAK = YES;
				CLANG_WARN_BLOCK_CAPTURE_AUTORELEASING = YES;
				CLANG_WARN_BOOL_CONVERSION = YES;
				CLANG_WARN_COMMA = YES;
				CLANG_WARN_CONSTANT_CONVERSION = YES;
				CLANG_WARN_DEPRECATED_OBJC_IMPLEMENTATIONS = YES;
				CLANG_WARN_DIRECT_OBJC_ISA_USAGE = YES_ERROR;
				CLANG_WARN_DOCUMENTATION_COMMENTS = YES;
				CLANG_WARN_EMPTY_BODY = YES;
				CLANG_WARN_ENUM_CONVERSION = YES;
				CLANG_WARN_INFINITE_RECURSION = YES;
				CLANG_WARN_INT_CONVERSION = YES;
				CLANG_WARN_NON_LITERAL_NULL_CONVERSION = YES;
				CLANG_WARN_OBJC_IMPLICIT_RETAIN_SELF = YES;
				CLANG_WARN_OBJC_LITERAL_CONVERSION = YES;
				CLANG_WARN_OBJC_ROOT_CLASS = YES_ERROR;
				CLANG_WARN_QUOTED_INCLUDE_IN_FRAMEWORK_HEADER = YES;
				CLANG_WARN_RANGE_LOOP_ANALYSIS = YES;
				CLANG_WARN_STRICT_PROTOTYPES = YES;
				CLANG_WARN_SUSPICIOUS_MOVE = YES;
				CLANG_WARN_UNGUARDED_AVAILABILITY = YES_AGGRESSIVE;
				CLANG_WARN_UNREACHABLE_CODE = YES;
				CLANG_WARN__DUPLICATE_METHOD_MATCH = YES;
				COPY_PHASE_STRIP = NO;
				DEBUG_INFORMATION_FORMAT = "dwarf-with-dsym";
				ENABLE_NS_ASSERTIONS = NO;
				ENABLE_STRICT_OBJC_MSGSEND = YES;
				ENABLE_USER_SCRIPT_SANDBOXING = YES;
				GCC_C_LANGUAGE_STANDARD = gnu17;
				GCC_NO_COMMON_BLOCKS = YES;
				GCC_WARN_64_TO_32_BIT_CONVERSION = YES;
				GCC_WARN_ABOUT_RETURN_TYPE = YES_ERROR;
				GCC_WARN_UNDECLARED_SELECTOR = YES;
				GCC_WARN_UNINITIALIZED_AUTOS = YES_AGGRESSIVE;
				GCC_WARN_UNUSED_FUNCTION = YES;
				GCC_WARN_UNUSED_VARIABLE = YES;
				IPHONEOS_DEPLOYMENT_TARGET = 18.2;
				LOCALIZATION_PREFERS_STRING_CATALOGS = YES;
				MTL_ENABLE_DEBUG_INFO = NO;
				MTL_FAST_MATH = YES;
				SDKROOT = iphoneos;
				SWIFT_COMPILATION_MODE = wholemodule;
				VALIDATE_PRODUCT = YES;
			};
			name = Release;
		};
/* End XCBuildConfiguration section */

/* Begin XCConfigurationList section */
		F952F06C2D76F67300A3A75F /* Build configuration list for PBXProject "TableViewOnlyCode" */ = {
			isa = XCConfigurationList;
			buildConfigurations = (
				F952F0872D76F67500A3A75F /* Debug */,
				F952F0882D76F67500A3A75F /* Release */,
			);
			defaultConfigurationIsVisible = 0;
			defaultConfigurationName = Release;
		};
		F952F0842D76F67500A3A75F /* Build configuration list for PBXNativeTarget "TableViewOnlyCode" */ = {
			isa = XCConfigurationList;
			buildConfigurations = (
				F952F0852D76F67500A3A75F /* Debug */,
				F952F0862D76F67500A3A75F /* Release */,
			);
			defaultConfigurationIsVisible = 0;
			defaultConfigurationName = Release;
		};
/* End XCConfigurationList section */
	};
	rootObject = F952F0692D76F67300A3A75F /* Project object */;
}
